
Microsoft Visual Studio Solution File, Format Version 12.00
# Visual Studio 15
VisualStudioVersion = 15.0.27004.2002
MinimumVisualStudioVersion = 10.0.40219.1
Project("{9A19103F-16F7-4668-BE54-9A1E7A4F7556}") = "TagHelpersDemo", "TagHelpersDemo\TagHelpersDemo.csproj", "{80740094-FF91-4B72-96C5-B3FFF518C04A}"
EndProject
Project("{2150E333-8FDC-42A3-9474-1A3956D46DE8}") = "Solution Items", "Solution Items", "{538740DC-F1C8-4562-B1F8-9DBE190BC6D9}"
	ProjectSection(SolutionItems) = preProject
		.editorconfig = .editorconfig
		.gitignore = .gitignore
		global.json = global.json
		NuGet.Config = NuGet.Config
	EndProjectSection
EndProject
Project("{FAE04EC0-301F-11D3-BF4B-00C04F79EFBC}") = "TagHelpersDemo.Tests", "TagHelpersDemo.Tests\TagHelpersDemo.Tests.csproj", "{823B7081-4304-4D16-A2D8-28B30F1CEB7A}"
EndProject
Global
	GlobalSection(SolutionConfigurationPlatforms) = preSolution
		Debug|Any CPU = Debug|Any CPU
		Debug|x64 = Debug|x64
		Debug|x86 = Debug|x86
		Release|Any CPU = Release|Any CPU
		Release|x64 = Release|x64
		Release|x86 = Release|x86
	EndGlobalSection
	GlobalSection(ProjectConfigurationPlatforms) = postSolution
		{80740094-FF91-4B72-96C5-B3FFF518C04A}.Debug|Any CPU.ActiveCfg = Debug|Any CPU
		{80740094-FF91-4B72-96C5-B3FFF518C04A}.Debug|Any CPU.Build.0 = Debug|Any CPU
		{80740094-FF91-4B72-96C5-B3FFF518C04A}.Debug|x64.ActiveCfg = Debug|Any CPU
		{80740094-FF91-4B72-96C5-B3FFF518C04A}.Debug|x64.Build.0 = Debug|Any CPU
		{80740094-FF91-4B72-96C5-B3FFF518C04A}.Debug|x86.ActiveCfg = Debug|Any CPU
		{80740094-FF91-4B72-96C5-B3FFF518C04A}.Debug|x86.Build.0 = Debug|Any CPU
		{80740094-FF91-4B72-96C5-B3FFF518C04A}.Release|Any CPU.ActiveCfg = Release|Any CPU
		{80740094-FF91-4B72-96C5-B3FFF518C04A}.Release|Any CPU.Build.0 = Release|Any CPU
		{80740094-FF91-4B72-96C5-B3FFF518C04A}.Release|x64.ActiveCfg = Release|Any CPU
		{80740094-FF91-4B72-96C5-B3FFF518C04A}.Release|x64.Build.0 = Release|Any CPU
		{80740094-FF91-4B72-96C5-B3FFF518C04A}.Release|x86.ActiveCfg = Release|Any CPU
		{80740094-FF91-4B72-96C5-B3FFF518C04A}.Release|x86.Build.0 = Release|Any CPU
		{823B7081-4304-4D16-A2D8-28B30F1CEB7A}.Debug|Any CPU.ActiveCfg = Debug|Any CPU
		{823B7081-4304-4D16-A2D8-28B30F1CEB7A}.Debug|Any CPU.Build.0 = Debug|Any CPU
		{823B7081-4304-4D16-A2D8-28B30F1CEB7A}.Debug|x64.ActiveCfg = Debug|Any CPU
		{823B7081-4304-4D16-A2D8-28B30F1CEB7A}.Debug|x64.Build.0 = Debug|Any CPU
		{823B7081-4304-4D16-A2D8-28B30F1CEB7A}.Debug|x86.ActiveCfg = Debug|Any CPU
		{823B7081-4304-4D16-A2D8-28B30F1CEB7A}.Debug|x86.Build.0 = Debug|Any CPU
		{823B7081-4304-4D16-A2D8-28B30F1CEB7A}.Release|Any CPU.ActiveCfg = Release|Any CPU
		{823B7081-4304-4D16-A2D8-28B30F1CEB7A}.Release|Any CPU.Build.0 = Release|Any CPU
		{823B7081-4304-4D16-A2D8-28B30F1CEB7A}.Release|x64.ActiveCfg = Release|Any CPU
		{823B7081-4304-4D16-A2D8-28B30F1CEB7A}.Release|x64.Build.0 = Release|Any CPU
		{823B7081-4304-4D16-A2D8-28B30F1CEB7A}.Release|x86.ActiveCfg = Release|Any CPU
		{823B7081-4304-4D16-A2D8-28B30F1CEB7A}.Release|x86.Build.0 = Release|Any CPU
	EndGlobalSection
	GlobalSection(SolutionProperties) = preSolution
		HideSolutionNode = FALSE
	EndGlobalSection
	GlobalSection(ExtensibilityGlobals) = postSolution
		SolutionGuid = {F40B4D72-996E-43E6-8751-F129258A3130}
	EndGlobalSection
EndGlobal
